// !$*UTF8*$!
{
	archiveVersion = 1;
	classes = {
	};
	objectVersion = 56;
	objects = {

/* Begin PBXBuildFile section */
		9404A87D2AD6D2810039434D /* MainScreen.swift in Sources */ = {isa = PBXBuildFile; fileRef = 9404A87C2AD6D2810039434D /* MainScreen.swift */; };
		9404A87F2AD6D3C10039434D /* ScannScreen.swift in Sources */ = {isa = PBXBuildFile; fileRef = 9404A87E2AD6D3C10039434D /* ScannScreen.swift */; };
		9404A8812AD6D3DF0039434D /* SecoundScreen.swift in Sources */ = {isa = PBXBuildFile; fileRef = 9404A8802AD6D3DF0039434D /* SecoundScreen.swift */; };
		9404A8832AD6D3F70039434D /* ThirdScreen.swift in Sources */ = {isa = PBXBuildFile; fileRef = 9404A8822AD6D3F70039434D /* ThirdScreen.swift */; };
		940671BB2ADC37F600C92032 /* 20231015_161832_0000.jpg in Resources */ = {isa = PBXBuildFile; fileRef = 940671BA2ADC37F600C92032 /* 20231015_161832_0000.jpg */; };
		9408E85B2AD134F7006FF31A /* ATGuideApp.swift in Sources */ = {isa = PBXBuildFile; fileRef = 9408E85A2AD134F7006FF31A /* ATGuideApp.swift */; };
		9408E85D2AD134F7006FF31A /* LoginScreen.swift in Sources */ = {isa = PBXBuildFile; fileRef = 9408E85C2AD134F7006FF31A /* LoginScreen.swift */; };
		9408E85F2AD134F9006FF31A /* Assets.xcassets in Resources */ = {isa = PBXBuildFile; fileRef = 9408E85E2AD134F9006FF31A /* Assets.xcassets */; };
		9408E8622AD134F9006FF31A /* Preview Assets.xcassets in Resources */ = {isa = PBXBuildFile; fileRef = 9408E8612AD134F9006FF31A /* Preview Assets.xcassets */; };
		9408E8692AD14295006FF31A /* SignUp.swift in Sources */ = {isa = PBXBuildFile; fileRef = 9408E8682AD14295006FF31A /* SignUp.swift */; };
		940915AD2B23A30B00DCACA6 /* DataTry.swift in Sources */ = {isa = PBXBuildFile; fileRef = 940915AC2B23A30B00DCACA6 /* DataTry.swift */; };
		943119832AEA339800822A33 /* PlanningScreen.swift in Sources */ = {isa = PBXBuildFile; fileRef = 943119822AEA333C00822A33 /* PlanningScreen.swift */; };
		943119852AEA684E00822A33 /* FirebaseAnalytics in Frameworks */ = {isa = PBXBuildFile; productRef = 943119842AEA684E00822A33 /* FirebaseAnalytics */; };
		943119872AEA684E00822A33 /* FirebaseAnalyticsOnDeviceConversion in Frameworks */ = {isa = PBXBuildFile; productRef = 943119862AEA684E00822A33 /* FirebaseAnalyticsOnDeviceConversion */; };
		943119892AEA684E00822A33 /* FirebaseAnalyticsSwift in Frameworks */ = {isa = PBXBuildFile; productRef = 943119882AEA684E00822A33 /* FirebaseAnalyticsSwift */; };
		9431198B2AEA684E00822A33 /* FirebaseAnalyticsWithoutAdIdSupport in Frameworks */ = {isa = PBXBuildFile; productRef = 9431198A2AEA684E00822A33 /* FirebaseAnalyticsWithoutAdIdSupport */; };
		9431198D2AEA684E00822A33 /* FirebaseAppCheck in Frameworks */ = {isa = PBXBuildFile; productRef = 9431198C2AEA684E00822A33 /* FirebaseAppCheck */; };
		9431198F2AEA684E00822A33 /* FirebaseAppDistribution-Beta in Frameworks */ = {isa = PBXBuildFile; productRef = 9431198E2AEA684E00822A33 /* FirebaseAppDistribution-Beta */; };
		943119912AEA684E00822A33 /* FirebaseAuth in Frameworks */ = {isa = PBXBuildFile; productRef = 943119902AEA684E00822A33 /* FirebaseAuth */; };
		943119932AEA684E00822A33 /* FirebaseAuthCombine-Community in Frameworks */ = {isa = PBXBuildFile; productRef = 943119922AEA684E00822A33 /* FirebaseAuthCombine-Community */; };
		943119952AEA684E00822A33 /* FirebaseCrashlytics in Frameworks */ = {isa = PBXBuildFile; productRef = 943119942AEA684E00822A33 /* FirebaseCrashlytics */; };
		943119972AEA684E00822A33 /* FirebaseDatabase in Frameworks */ = {isa = PBXBuildFile; productRef = 943119962AEA684E00822A33 /* FirebaseDatabase */; };
		943119992AEA684E00822A33 /* FirebaseDatabaseSwift in Frameworks */ = {isa = PBXBuildFile; productRef = 943119982AEA684E00822A33 /* FirebaseDatabaseSwift */; };
		9431199B2AEA684E00822A33 /* FirebaseDynamicLinks in Frameworks */ = {isa = PBXBuildFile; productRef = 9431199A2AEA684E00822A33 /* FirebaseDynamicLinks */; };
		9431199D2AEA684E00822A33 /* FirebaseFirestore in Frameworks */ = {isa = PBXBuildFile; productRef = 9431199C2AEA684E00822A33 /* FirebaseFirestore */; };
		9431199F2AEA684E00822A33 /* FirebaseFirestoreCombine-Community in Frameworks */ = {isa = PBXBuildFile; productRef = 9431199E2AEA684E00822A33 /* FirebaseFirestoreCombine-Community */; };
		943119A12AEA684E00822A33 /* FirebaseFirestoreSwift in Frameworks */ = {isa = PBXBuildFile; productRef = 943119A02AEA684E00822A33 /* FirebaseFirestoreSwift */; };
		943119A32AEA684E00822A33 /* FirebaseFunctions in Frameworks */ = {isa = PBXBuildFile; productRef = 943119A22AEA684E00822A33 /* FirebaseFunctions */; };
		943119A52AEA684E00822A33 /* FirebaseFunctionsCombine-Community in Frameworks */ = {isa = PBXBuildFile; productRef = 943119A42AEA684E00822A33 /* FirebaseFunctionsCombine-Community */; };
		943119A72AEA684E00822A33 /* FirebaseInAppMessaging-Beta in Frameworks */ = {isa = PBXBuildFile; productRef = 943119A62AEA684E00822A33 /* FirebaseInAppMessaging-Beta */; };
		943119A92AEA684E00822A33 /* FirebaseInAppMessagingSwift-Beta in Frameworks */ = {isa = PBXBuildFile; productRef = 943119A82AEA684E00822A33 /* FirebaseInAppMessagingSwift-Beta */; };
		943119AB2AEA684E00822A33 /* FirebaseInstallations in Frameworks */ = {isa = PBXBuildFile; productRef = 943119AA2AEA684E00822A33 /* FirebaseInstallations */; };
		943119AD2AEA684E00822A33 /* FirebaseMLModelDownloader in Frameworks */ = {isa = PBXBuildFile; productRef = 943119AC2AEA684E00822A33 /* FirebaseMLModelDownloader */; };
		943119AF2AEA684E00822A33 /* FirebaseMessaging in Frameworks */ = {isa = PBXBuildFile; productRef = 943119AE2AEA684E00822A33 /* FirebaseMessaging */; };
		943119B12AEA684E00822A33 /* FirebasePerformance in Frameworks */ = {isa = PBXBuildFile; productRef = 943119B02AEA684E00822A33 /* FirebasePerformance */; };
		943119B32AEA684E00822A33 /* FirebaseRemoteConfig in Frameworks */ = {isa = PBXBuildFile; productRef = 943119B22AEA684E00822A33 /* FirebaseRemoteConfig */; };
		943119B52AEA684E00822A33 /* FirebaseRemoteConfigSwift in Frameworks */ = {isa = PBXBuildFile; productRef = 943119B42AEA684E00822A33 /* FirebaseRemoteConfigSwift */; };
		943119B72AEA684E00822A33 /* FirebaseStorage in Frameworks */ = {isa = PBXBuildFile; productRef = 943119B62AEA684E00822A33 /* FirebaseStorage */; };
		943119B92AEA684E00822A33 /* FirebaseStorageCombine-Community in Frameworks */ = {isa = PBXBuildFile; productRef = 943119B82AEA684E00822A33 /* FirebaseStorageCombine-Community */; };
		943119BB2AEA698000822A33 /* GoogleService-Info.plist in Resources */ = {isa = PBXBuildFile; fileRef = 943119BA2AEA698000822A33 /* GoogleService-Info.plist */; };
		9444A2852B252A7300E12827 /* phone-scanning-qr-code-via-mobile-app-icon_212005-593-transformed.jpeg in Resources */ = {isa = PBXBuildFile; fileRef = 9444A2842B252A7200E12827 /* phone-scanning-qr-code-via-mobile-app-icon_212005-593-transformed.jpeg */; };
		9444A2872B25C91A00E12827 /* FavoriteScreen.swift in Sources */ = {isa = PBXBuildFile; fileRef = 9444A2862B25C91900E12827 /* FavoriteScreen.swift */; };
		9464CEFF2B1EA7A20020299A /* DetailsScreen.swift in Sources */ = {isa = PBXBuildFile; fileRef = 9464CEFE2B1EA77D0020299A /* DetailsScreen.swift */; };
		947788092B25CF0E00C6AEA1 /* FavoriteScreenDetails.swift in Sources */ = {isa = PBXBuildFile; fileRef = 947788082B25CF0E00C6AEA1 /* FavoriteScreenDetails.swift */; };
		9497CF532B1CE7440056B59E /* 1024 1.png in Resources */ = {isa = PBXBuildFile; fileRef = 9497CF522B1CE7440056B59E /* 1024 1.png */; };
		94BBE8412AD8681800C3FC07 /* FirebaseAnalytics in Frameworks */ = {isa = PBXBuildFile; productRef = 94BBE8402AD8681800C3FC07 /* FirebaseAnalytics */; };
		94BBE8432AD8681800C3FC07 /* FirebaseAnalyticsOnDeviceConversion in Frameworks */ = {isa = PBXBuildFile; productRef = 94BBE8422AD8681800C3FC07 /* FirebaseAnalyticsOnDeviceConversion */; };
		94BBE8452AD8681800C3FC07 /* FirebaseAnalyticsSwift in Frameworks */ = {isa = PBXBuildFile; productRef = 94BBE8442AD8681800C3FC07 /* FirebaseAnalyticsSwift */; };
		94BBE8472AD8681800C3FC07 /* FirebaseAnalyticsWithoutAdIdSupport in Frameworks */ = {isa = PBXBuildFile; productRef = 94BBE8462AD8681800C3FC07 /* FirebaseAnalyticsWithoutAdIdSupport */; };
		94BBE8492AD8681800C3FC07 /* FirebaseAppCheck in Frameworks */ = {isa = PBXBuildFile; productRef = 94BBE8482AD8681800C3FC07 /* FirebaseAppCheck */; };
		94BBE84B2AD8686200C3FC07 /* FirebaseAnalytics in Frameworks */ = {isa = PBXBuildFile; productRef = 94BBE84A2AD8686200C3FC07 /* FirebaseAnalytics */; };
		94BBE84D2AD8686200C3FC07 /* FirebaseAnalyticsOnDeviceConversion in Frameworks */ = {isa = PBXBuildFile; productRef = 94BBE84C2AD8686200C3FC07 /* FirebaseAnalyticsOnDeviceConversion */; };
		94BBE84F2AD8686200C3FC07 /* FirebaseAnalyticsSwift in Frameworks */ = {isa = PBXBuildFile; productRef = 94BBE84E2AD8686200C3FC07 /* FirebaseAnalyticsSwift */; };
		94BBE8512AD8686200C3FC07 /* FirebaseAnalyticsWithoutAdIdSupport in Frameworks */ = {isa = PBXBuildFile; productRef = 94BBE8502AD8686200C3FC07 /* FirebaseAnalyticsWithoutAdIdSupport */; };
		94BBE8532AD8686200C3FC07 /* FirebaseAppCheck in Frameworks */ = {isa = PBXBuildFile; productRef = 94BBE8522AD8686200C3FC07 /* FirebaseAppCheck */; };
		94BBE8552AD8686200C3FC07 /* FirebaseAppDistribution-Beta in Frameworks */ = {isa = PBXBuildFile; productRef = 94BBE8542AD8686200C3FC07 /* FirebaseAppDistribution-Beta */; };
		94BBE8572AD8686200C3FC07 /* FirebaseAuth in Frameworks */ = {isa = PBXBuildFile; productRef = 94BBE8562AD8686200C3FC07 /* FirebaseAuth */; };
		94BBE8592AD8686200C3FC07 /* FirebaseAuthCombine-Community in Frameworks */ = {isa = PBXBuildFile; productRef = 94BBE8582AD8686200C3FC07 /* FirebaseAuthCombine-Community */; };
		94BBE85B2AD8686200C3FC07 /* FirebaseCrashlytics in Frameworks */ = {isa = PBXBuildFile; productRef = 94BBE85A2AD8686200C3FC07 /* FirebaseCrashlytics */; };
		94BBE85D2AD8686200C3FC07 /* FirebaseDatabase in Frameworks */ = {isa = PBXBuildFile; productRef = 94BBE85C2AD8686200C3FC07 /* FirebaseDatabase */; };
		94BBE85F2AD8686200C3FC07 /* FirebaseDatabaseSwift in Frameworks */ = {isa = PBXBuildFile; productRef = 94BBE85E2AD8686200C3FC07 /* FirebaseDatabaseSwift */; };
		94BBE8612AD8686200C3FC07 /* FirebaseDynamicLinks in Frameworks */ = {isa = PBXBuildFile; productRef = 94BBE8602AD8686200C3FC07 /* FirebaseDynamicLinks */; };
		94BBE8632AD8686200C3FC07 /* FirebaseFirestore in Frameworks */ = {isa = PBXBuildFile; productRef = 94BBE8622AD8686200C3FC07 /* FirebaseFirestore */; };
		94BBE8652AD8686200C3FC07 /* FirebaseFirestoreCombine-Community in Frameworks */ = {isa = PBXBuildFile; productRef = 94BBE8642AD8686200C3FC07 /* FirebaseFirestoreCombine-Community */; };
		94BBE8672AD8686200C3FC07 /* FirebaseFirestoreSwift in Frameworks */ = {isa = PBXBuildFile; productRef = 94BBE8662AD8686200C3FC07 /* FirebaseFirestoreSwift */; };
		94BBE8692AD8686200C3FC07 /* FirebaseFunctions in Frameworks */ = {isa = PBXBuildFile; productRef = 94BBE8682AD8686200C3FC07 /* FirebaseFunctions */; };
		94BBE86B2AD8686200C3FC07 /* FirebaseFunctionsCombine-Community in Frameworks */ = {isa = PBXBuildFile; productRef = 94BBE86A2AD8686200C3FC07 /* FirebaseFunctionsCombine-Community */; };
		94BBE86D2AD8686200C3FC07 /* FirebaseInAppMessaging-Beta in Frameworks */ = {isa = PBXBuildFile; productRef = 94BBE86C2AD8686200C3FC07 /* FirebaseInAppMessaging-Beta */; };
		94BBE86F2AD8686200C3FC07 /* FirebaseInAppMessagingSwift-Beta in Frameworks */ = {isa = PBXBuildFile; productRef = 94BBE86E2AD8686200C3FC07 /* FirebaseInAppMessagingSwift-Beta */; };
		94BBE8712AD8686200C3FC07 /* FirebaseInstallations in Frameworks */ = {isa = PBXBuildFile; productRef = 94BBE8702AD8686200C3FC07 /* FirebaseInstallations */; };
		94BBE8732AD8686200C3FC07 /* FirebaseMLModelDownloader in Frameworks */ = {isa = PBXBuildFile; productRef = 94BBE8722AD8686200C3FC07 /* FirebaseMLModelDownloader */; };
		94BBE8752AD8686200C3FC07 /* FirebaseMessaging in Frameworks */ = {isa = PBXBuildFile; productRef = 94BBE8742AD8686200C3FC07 /* FirebaseMessaging */; };
		94BBE8772AD8686200C3FC07 /* FirebasePerformance in Frameworks */ = {isa = PBXBuildFile; productRef = 94BBE8762AD8686200C3FC07 /* FirebasePerformance */; };
		94BBE8792AD8686200C3FC07 /* FirebaseRemoteConfig in Frameworks */ = {isa = PBXBuildFile; productRef = 94BBE8782AD8686200C3FC07 /* FirebaseRemoteConfig */; };
		94BBE87B2AD8686200C3FC07 /* FirebaseRemoteConfigSwift in Frameworks */ = {isa = PBXBuildFile; productRef = 94BBE87A2AD8686200C3FC07 /* FirebaseRemoteConfigSwift */; };
		94BBE87D2AD8686200C3FC07 /* FirebaseStorage in Frameworks */ = {isa = PBXBuildFile; productRef = 94BBE87C2AD8686200C3FC07 /* FirebaseStorage */; };
		94BBE87F2AD8686200C3FC07 /* FirebaseStorageCombine-Community in Frameworks */ = {isa = PBXBuildFile; productRef = 94BBE87E2AD8686200C3FC07 /* FirebaseStorageCombine-Community */; };
		94BBE8822AD868AF00C3FC07 /* GoogleSignIn in Frameworks */ = {isa = PBXBuildFile; productRef = 94BBE8812AD868AF00C3FC07 /* GoogleSignIn */; };
		94BBE8842AD868AF00C3FC07 /* GoogleSignInSwift in Frameworks */ = {isa = PBXBuildFile; productRef = 94BBE8832AD868AF00C3FC07 /* GoogleSignInSwift */; };
		94D5332C2AE44BEE0087D117 /* FourthScreen.swift in Sources */ = {isa = PBXBuildFile; fileRef = 94D5332B2AE44BE30087D117 /* FourthScreen.swift */; };
		94E5FBC82AD84499007BC416 /* FirebaseAnalytics in Frameworks */ = {isa = PBXBuildFile; productRef = 94E5FBC72AD84499007BC416 /* FirebaseAnalytics */; };
		94E5FBCA2AD84499007BC416 /* FirebaseAnalyticsOnDeviceConversion in Frameworks */ = {isa = PBXBuildFile; productRef = 94E5FBC92AD84499007BC416 /* FirebaseAnalyticsOnDeviceConversion */; };
		94E5FBCC2AD84499007BC416 /* FirebaseAnalyticsSwift in Frameworks */ = {isa = PBXBuildFile; productRef = 94E5FBCB2AD84499007BC416 /* FirebaseAnalyticsSwift */; };
		94E5FBCE2AD84499007BC416 /* FirebaseAnalyticsWithoutAdIdSupport in Frameworks */ = {isa = PBXBuildFile; productRef = 94E5FBCD2AD84499007BC416 /* FirebaseAnalyticsWithoutAdIdSupport */; };
		94E5FBD02AD84499007BC416 /* FirebaseAppCheck in Frameworks */ = {isa = PBXBuildFile; productRef = 94E5FBCF2AD84499007BC416 /* FirebaseAppCheck */; };
		94ECE9102B23A4CC00EE11D9 /* screen.swift in Sources */ = {isa = PBXBuildFile; fileRef = 94ECE90F2B23A4CC00EE11D9 /* screen.swift */; };
		AC18DB692ADC5311005BED40 /* SplashScreenView.swift in Sources */ = {isa = PBXBuildFile; fileRef = AC18DB682ADC5311005BED40 /* SplashScreenView.swift */; };
/* End PBXBuildFile section */

/* Begin PBXFileReference section */
		9404A87C2AD6D2810039434D /* MainScreen.swift */ = {isa = PBXFileReference; lastKnownFileType = sourcecode.swift; path = MainScreen.swift; sourceTree = "<group>"; };
		9404A87E2AD6D3C10039434D /* ScannScreen.swift */ = {isa = PBXFileReference; lastKnownFileType = sourcecode.swift; path = ScannScreen.swift; sourceTree = "<group>"; };
		9404A8802AD6D3DF0039434D /* SecoundScreen.swift */ = {isa = PBXFileReference; lastKnownFileType = sourcecode.swift; path = SecoundScreen.swift; sourceTree = "<group>"; };
		9404A8822AD6D3F70039434D /* ThirdScreen.swift */ = {isa = PBXFileReference; lastKnownFileType = sourcecode.swift; path = ThirdScreen.swift; sourceTree = "<group>"; };
		9404A8842AD6FB750039434D /* Info.plist */ = {isa = PBXFileReference; lastKnownFileType = text.plist; path = Info.plist; sourceTree = "<group>"; };
		940671BA2ADC37F600C92032 /* 20231015_161832_0000.jpg */ = {isa = PBXFileReference; lastKnownFileType = image.jpeg; path = 20231015_161832_0000.jpg; sourceTree = "<group>"; };
		9408E8572AD134F7006FF31A /* ATGuide.app */ = {isa = PBXFileReference; explicitFileType = wrapper.application; includeInIndex = 0; path = ATGuide.app; sourceTree = BUILT_PRODUCTS_DIR; };
		9408E85A2AD134F7006FF31A /* ATGuideApp.swift */ = {isa = PBXFileReference; lastKnownFileType = sourcecode.swift; path = ATGuideApp.swift; sourceTree = "<group>"; };
		9408E85C2AD134F7006FF31A /* LoginScreen.swift */ = {isa = PBXFileReference; lastKnownFileType = sourcecode.swift; path = LoginScreen.swift; sourceTree = "<group>"; };
		9408E85E2AD134F9006FF31A /* Assets.xcassets */ = {isa = PBXFileReference; lastKnownFileType = folder.assetcatalog; path = Assets.xcassets; sourceTree = "<group>"; };
		9408E8612AD134F9006FF31A /* Preview Assets.xcassets */ = {isa = PBXFileReference; lastKnownFileType = folder.assetcatalog; path = "Preview Assets.xcassets"; sourceTree = "<group>"; };
		9408E8682AD14295006FF31A /* SignUp.swift */ = {isa = PBXFileReference; lastKnownFileType = sourcecode.swift; path = SignUp.swift; sourceTree = "<group>"; };
		940915AC2B23A30B00DCACA6 /* DataTry.swift */ = {isa = PBXFileReference; lastKnownFileType = sourcecode.swift; path = DataTry.swift; sourceTree = "<group>"; };
		943119822AEA333C00822A33 /* PlanningScreen.swift */ = {isa = PBXFileReference; lastKnownFileType = sourcecode.swift; path = PlanningScreen.swift; sourceTree = "<group>"; };
		943119BA2AEA698000822A33 /* GoogleService-Info.plist */ = {isa = PBXFileReference; fileEncoding = 4; lastKnownFileType = text.plist.xml; path = "GoogleService-Info.plist"; sourceTree = "<group>"; };
		9444A2842B252A7200E12827 /* phone-scanning-qr-code-via-mobile-app-icon_212005-593-transformed.jpeg */ = {isa = PBXFileReference; lastKnownFileType = image.jpeg; path = "phone-scanning-qr-code-via-mobile-app-icon_212005-593-transformed.jpeg"; sourceTree = "<group>"; };
		9444A2862B25C91900E12827 /* FavoriteScreen.swift */ = {isa = PBXFileReference; lastKnownFileType = sourcecode.swift; path = FavoriteScreen.swift; sourceTree = "<group>"; };
		9464CEFE2B1EA77D0020299A /* DetailsScreen.swift */ = {isa = PBXFileReference; lastKnownFileType = sourcecode.swift; path = DetailsScreen.swift; sourceTree = "<group>"; };
		947788082B25CF0E00C6AEA1 /* FavoriteScreenDetails.swift */ = {isa = PBXFileReference; lastKnownFileType = sourcecode.swift; path = FavoriteScreenDetails.swift; sourceTree = "<group>"; };
		9497CF522B1CE7440056B59E /* 1024 1.png */ = {isa = PBXFileReference; lastKnownFileType = image.png; name = "1024 1.png"; path = "Assets.xcassets/AppIcon.appiconset/1024 1.png"; sourceTree = "<group>"; };
		94D5332A2AE4498D0087D117 /* AT Guide Database.bak */ = {isa = PBXFileReference; lastKnownFileType = file; path = "AT Guide Database.bak"; sourceTree = "<group>"; };
		94D5332B2AE44BE30087D117 /* FourthScreen.swift */ = {isa = PBXFileReference; lastKnownFileType = sourcecode.swift; path = FourthScreen.swift; sourceTree = "<group>"; };
		94ECE90F2B23A4CC00EE11D9 /* screen.swift */ = {isa = PBXFileReference; lastKnownFileType = sourcecode.swift; path = screen.swift; sourceTree = "<group>"; };
		AC18DB682ADC5311005BED40 /* SplashScreenView.swift */ = {isa = PBXFileReference; lastKnownFileType = sourcecode.swift; path = SplashScreenView.swift; sourceTree = "<group>"; };
/* End PBXFileReference section */

/* Begin PBXFrameworksBuildPhase section */
		9408E8542AD134F7006FF31A /* Frameworks */ = {
			isa = PBXFrameworksBuildPhase;
			buildActionMask = 2147483647;
			files = (
				94BBE8732AD8686200C3FC07 /* FirebaseMLModelDownloader in Frameworks */,
				9431199D2AEA684E00822A33 /* FirebaseFirestore in Frameworks */,
				94BBE85F2AD8686200C3FC07 /* FirebaseDatabaseSwift in Frameworks */,
				94BBE8612AD8686200C3FC07 /* FirebaseDynamicLinks in Frameworks */,
				94BBE8822AD868AF00C3FC07 /* GoogleSignIn in Frameworks */,
				94E5FBCC2AD84499007BC416 /* FirebaseAnalyticsSwift in Frameworks */,
				9431199B2AEA684E00822A33 /* FirebaseDynamicLinks in Frameworks */,
				943119A52AEA684E00822A33 /* FirebaseFunctionsCombine-Community in Frameworks */,
				943119B72AEA684E00822A33 /* FirebaseStorage in Frameworks */,
				94BBE8592AD8686200C3FC07 /* FirebaseAuthCombine-Community in Frameworks */,
				943119B52AEA684E00822A33 /* FirebaseRemoteConfigSwift in Frameworks */,
				94E5FBC82AD84499007BC416 /* FirebaseAnalytics in Frameworks */,
				94BBE8672AD8686200C3FC07 /* FirebaseFirestoreSwift in Frameworks */,
				943119A72AEA684E00822A33 /* FirebaseInAppMessaging-Beta in Frameworks */,
				94BBE8572AD8686200C3FC07 /* FirebaseAuth in Frameworks */,
				94BBE8412AD8681800C3FC07 /* FirebaseAnalytics in Frameworks */,
				943119B12AEA684E00822A33 /* FirebasePerformance in Frameworks */,
				94BBE8432AD8681800C3FC07 /* FirebaseAnalyticsOnDeviceConversion in Frameworks */,
				94BBE8712AD8686200C3FC07 /* FirebaseInstallations in Frameworks */,
				94BBE8772AD8686200C3FC07 /* FirebasePerformance in Frameworks */,
				943119AF2AEA684E00822A33 /* FirebaseMessaging in Frameworks */,
				943119872AEA684E00822A33 /* FirebaseAnalyticsOnDeviceConversion in Frameworks */,
				943119B92AEA684E00822A33 /* FirebaseStorageCombine-Community in Frameworks */,
				94BBE8692AD8686200C3FC07 /* FirebaseFunctions in Frameworks */,
				943119A12AEA684E00822A33 /* FirebaseFirestoreSwift in Frameworks */,
				943119A92AEA684E00822A33 /* FirebaseInAppMessagingSwift-Beta in Frameworks */,
				94BBE8452AD8681800C3FC07 /* FirebaseAnalyticsSwift in Frameworks */,
				94BBE8652AD8686200C3FC07 /* FirebaseFirestoreCombine-Community in Frameworks */,
				9431198F2AEA684E00822A33 /* FirebaseAppDistribution-Beta in Frameworks */,
				9431198B2AEA684E00822A33 /* FirebaseAnalyticsWithoutAdIdSupport in Frameworks */,
				94E5FBCA2AD84499007BC416 /* FirebaseAnalyticsOnDeviceConversion in Frameworks */,
				943119892AEA684E00822A33 /* FirebaseAnalyticsSwift in Frameworks */,
				943119AD2AEA684E00822A33 /* FirebaseMLModelDownloader in Frameworks */,
				94BBE84B2AD8686200C3FC07 /* FirebaseAnalytics in Frameworks */,
				943119852AEA684E00822A33 /* FirebaseAnalytics in Frameworks */,
				943119AB2AEA684E00822A33 /* FirebaseInstallations in Frameworks */,
				94BBE8842AD868AF00C3FC07 /* GoogleSignInSwift in Frameworks */,
				94BBE87B2AD8686200C3FC07 /* FirebaseRemoteConfigSwift in Frameworks */,
				94BBE8752AD8686200C3FC07 /* FirebaseMessaging in Frameworks */,
				94BBE8552AD8686200C3FC07 /* FirebaseAppDistribution-Beta in Frameworks */,
				94BBE86D2AD8686200C3FC07 /* FirebaseInAppMessaging-Beta in Frameworks */,
				94BBE85D2AD8686200C3FC07 /* FirebaseDatabase in Frameworks */,
				943119932AEA684E00822A33 /* FirebaseAuthCombine-Community in Frameworks */,
				94BBE8792AD8686200C3FC07 /* FirebaseRemoteConfig in Frameworks */,
				94BBE87F2AD8686200C3FC07 /* FirebaseStorageCombine-Community in Frameworks */,
				94BBE84D2AD8686200C3FC07 /* FirebaseAnalyticsOnDeviceConversion in Frameworks */,
				94E5FBD02AD84499007BC416 /* FirebaseAppCheck in Frameworks */,
				9431198D2AEA684E00822A33 /* FirebaseAppCheck in Frameworks */,
				943119B32AEA684E00822A33 /* FirebaseRemoteConfig in Frameworks */,
				94BBE8632AD8686200C3FC07 /* FirebaseFirestore in Frameworks */,
				943119912AEA684E00822A33 /* FirebaseAuth in Frameworks */,
				94BBE86F2AD8686200C3FC07 /* FirebaseInAppMessagingSwift-Beta in Frameworks */,
				94BBE84F2AD8686200C3FC07 /* FirebaseAnalyticsSwift in Frameworks */,
				943119A32AEA684E00822A33 /* FirebaseFunctions in Frameworks */,
				94BBE86B2AD8686200C3FC07 /* FirebaseFunctionsCombine-Community in Frameworks */,
				943119992AEA684E00822A33 /* FirebaseDatabaseSwift in Frameworks */,
				943119972AEA684E00822A33 /* FirebaseDatabase in Frameworks */,
				94BBE87D2AD8686200C3FC07 /* FirebaseStorage in Frameworks */,
				9431199F2AEA684E00822A33 /* FirebaseFirestoreCombine-Community in Frameworks */,
				94BBE8472AD8681800C3FC07 /* FirebaseAnalyticsWithoutAdIdSupport in Frameworks */,
				94BBE85B2AD8686200C3FC07 /* FirebaseCrashlytics in Frameworks */,
				94BBE8512AD8686200C3FC07 /* FirebaseAnalyticsWithoutAdIdSupport in Frameworks */,
				94BBE8492AD8681800C3FC07 /* FirebaseAppCheck in Frameworks */,
				943119952AEA684E00822A33 /* FirebaseCrashlytics in Frameworks */,
				94BBE8532AD8686200C3FC07 /* FirebaseAppCheck in Frameworks */,
				94E5FBCE2AD84499007BC416 /* FirebaseAnalyticsWithoutAdIdSupport in Frameworks */,
			);
			runOnlyForDeploymentPostprocessing = 0;
		};
/* End PBXFrameworksBuildPhase section */

/* Begin PBXGroup section */
		9408E84E2AD134F7006FF31A = {
			isa = PBXGroup;
			children = (
				94D5332A2AE4498D0087D117 /* AT Guide Database.bak */,
				9408E8592AD134F7006FF31A /* ATGuide */,
				9408E8582AD134F7006FF31A /* Products */,
			);
			sourceTree = "<group>";
		};
		9408E8582AD134F7006FF31A /* Products */ = {
			isa = PBXGroup;
			children = (
				9408E8572AD134F7006FF31A /* ATGuide.app */,
			);
			name = Products;
			sourceTree = "<group>";
		};
		9408E8592AD134F7006FF31A /* ATGuide */ = {
			isa = PBXGroup;
			children = (
				94265B1E2B1FCF0F0014CC7D /* New Group */,
				94D5332B2AE44BE30087D117 /* FourthScreen.swift */,
				943119822AEA333C00822A33 /* PlanningScreen.swift */,
				9404A8822AD6D3F70039434D /* ThirdScreen.swift */,
				9464CEFE2B1EA77D0020299A /* DetailsScreen.swift */,
				9404A8802AD6D3DF0039434D /* SecoundScreen.swift */,
				9404A87E2AD6D3C10039434D /* ScannScreen.swift */,
				9404A87C2AD6D2810039434D /* MainScreen.swift */,
				9408E8682AD14295006FF31A /* SignUp.swift */,
				9404A8842AD6FB750039434D /* Info.plist */,
				943119BA2AEA698000822A33 /* GoogleService-Info.plist */,
				9408E85A2AD134F7006FF31A /* ATGuideApp.swift */,
				9408E85C2AD134F7006FF31A /* LoginScreen.swift */,
				940671BA2ADC37F600C92032 /* 20231015_161832_0000.jpg */,
				9497CF522B1CE7440056B59E /* 1024 1.png */,
				9408E85E2AD134F9006FF31A /* Assets.xcassets */,
				9444A2842B252A7200E12827 /* phone-scanning-qr-code-via-mobile-app-icon_212005-593-transformed.jpeg */,
				9408E8602AD134F9006FF31A /* Preview Content */,
				AC18DB682ADC5311005BED40 /* SplashScreenView.swift */,
				9444A2862B25C91900E12827 /* FavoriteScreen.swift */,
				947788082B25CF0E00C6AEA1 /* FavoriteScreenDetails.swift */,
			);
			path = ATGuide;
			sourceTree = "<group>";
		};
		9408E8602AD134F9006FF31A /* Preview Content */ = {
			isa = PBXGroup;
			children = (
				9408E8612AD134F9006FF31A /* Preview Assets.xcassets */,
			);
			path = "Preview Content";
			sourceTree = "<group>";
		};
		94265B1E2B1FCF0F0014CC7D /* New Group */ = {
			isa = PBXGroup;
			children = (
				940915AC2B23A30B00DCACA6 /* DataTry.swift */,
				94ECE90F2B23A4CC00EE11D9 /* screen.swift */,
			);
			path = "New Group";
			sourceTree = "<group>";
		};
/* End PBXGroup section */

/* Begin PBXNativeTarget section */
		9408E8562AD134F7006FF31A /* ATGuide */ = {
			isa = PBXNativeTarget;
			buildConfigurationList = 9408E8652AD134F9006FF31A /* Build configuration list for PBXNativeTarget "ATGuide" */;
			buildPhases = (
				9408E8532AD134F7006FF31A /* Sources */,
				9408E8542AD134F7006FF31A /* Frameworks */,
				9408E8552AD134F7006FF31A /* Resources */,
			);
			buildRules = (
			);
			dependencies = (
			);
			name = ATGuide;
			packageProductDependencies = (
				94E5FBC72AD84499007BC416 /* FirebaseAnalytics */,
				94E5FBC92AD84499007BC416 /* FirebaseAnalyticsOnDeviceConversion */,
				94E5FBCB2AD84499007BC416 /* FirebaseAnalyticsSwift */,
				94E5FBCD2AD84499007BC416 /* FirebaseAnalyticsWithoutAdIdSupport */,
				94E5FBCF2AD84499007BC416 /* FirebaseAppCheck */,
				94BBE8402AD8681800C3FC07 /* FirebaseAnalytics */,
				94BBE8422AD8681800C3FC07 /* FirebaseAnalyticsOnDeviceConversion */,
				94BBE8442AD8681800C3FC07 /* FirebaseAnalyticsSwift */,
				94BBE8462AD8681800C3FC07 /* FirebaseAnalyticsWithoutAdIdSupport */,
				94BBE8482AD8681800C3FC07 /* FirebaseAppCheck */,
				94BBE84A2AD8686200C3FC07 /* FirebaseAnalytics */,
				94BBE84C2AD8686200C3FC07 /* FirebaseAnalyticsOnDeviceConversion */,
				94BBE84E2AD8686200C3FC07 /* FirebaseAnalyticsSwift */,
				94BBE8502AD8686200C3FC07 /* FirebaseAnalyticsWithoutAdIdSupport */,
				94BBE8522AD8686200C3FC07 /* FirebaseAppCheck */,
				94BBE8542AD8686200C3FC07 /* FirebaseAppDistribution-Beta */,
				94BBE8562AD8686200C3FC07 /* FirebaseAuth */,
				94BBE8582AD8686200C3FC07 /* FirebaseAuthCombine-Community */,
				94BBE85A2AD8686200C3FC07 /* FirebaseCrashlytics */,
				94BBE85C2AD8686200C3FC07 /* FirebaseDatabase */,
				94BBE85E2AD8686200C3FC07 /* FirebaseDatabaseSwift */,
				94BBE8602AD8686200C3FC07 /* FirebaseDynamicLinks */,
				94BBE8622AD8686200C3FC07 /* FirebaseFirestore */,
				94BBE8642AD8686200C3FC07 /* FirebaseFirestoreCombine-Community */,
				94BBE8662AD8686200C3FC07 /* FirebaseFirestoreSwift */,
				94BBE8682AD8686200C3FC07 /* FirebaseFunctions */,
				94BBE86A2AD8686200C3FC07 /* FirebaseFunctionsCombine-Community */,
				94BBE86C2AD8686200C3FC07 /* FirebaseInAppMessaging-Beta */,
				94BBE86E2AD8686200C3FC07 /* FirebaseInAppMessagingSwift-Beta */,
				94BBE8702AD8686200C3FC07 /* FirebaseInstallations */,
				94BBE8722AD8686200C3FC07 /* FirebaseMLModelDownloader */,
				94BBE8742AD8686200C3FC07 /* FirebaseMessaging */,
				94BBE8762AD8686200C3FC07 /* FirebasePerformance */,
				94BBE8782AD8686200C3FC07 /* FirebaseRemoteConfig */,
				94BBE87A2AD8686200C3FC07 /* FirebaseRemoteConfigSwift */,
				94BBE87C2AD8686200C3FC07 /* FirebaseStorage */,
				94BBE87E2AD8686200C3FC07 /* FirebaseStorageCombine-Community */,
				94BBE8812AD868AF00C3FC07 /* GoogleSignIn */,
				94BBE8832AD868AF00C3FC07 /* GoogleSignInSwift */,
				943119842AEA684E00822A33 /* FirebaseAnalytics */,
				943119862AEA684E00822A33 /* FirebaseAnalyticsOnDeviceConversion */,
				943119882AEA684E00822A33 /* FirebaseAnalyticsSwift */,
				9431198A2AEA684E00822A33 /* FirebaseAnalyticsWithoutAdIdSupport */,
				9431198C2AEA684E00822A33 /* FirebaseAppCheck */,
				9431198E2AEA684E00822A33 /* FirebaseAppDistribution-Beta */,
				943119902AEA684E00822A33 /* FirebaseAuth */,
				943119922AEA684E00822A33 /* FirebaseAuthCombine-Community */,
				943119942AEA684E00822A33 /* FirebaseCrashlytics */,
				943119962AEA684E00822A33 /* FirebaseDatabase */,
				943119982AEA684E00822A33 /* FirebaseDatabaseSwift */,
				9431199A2AEA684E00822A33 /* FirebaseDynamicLinks */,
				9431199C2AEA684E00822A33 /* FirebaseFirestore */,
				9431199E2AEA684E00822A33 /* FirebaseFirestoreCombine-Community */,
				943119A02AEA684E00822A33 /* FirebaseFirestoreSwift */,
				943119A22AEA684E00822A33 /* FirebaseFunctions */,
				943119A42AEA684E00822A33 /* FirebaseFunctionsCombine-Community */,
				943119A62AEA684E00822A33 /* FirebaseInAppMessaging-Beta */,
				943119A82AEA684E00822A33 /* FirebaseInAppMessagingSwift-Beta */,
				943119AA2AEA684E00822A33 /* FirebaseInstallations */,
				943119AC2AEA684E00822A33 /* FirebaseMLModelDownloader */,
				943119AE2AEA684E00822A33 /* FirebaseMessaging */,
				943119B02AEA684E00822A33 /* FirebasePerformance */,
				943119B22AEA684E00822A33 /* FirebaseRemoteConfig */,
				943119B42AEA684E00822A33 /* FirebaseRemoteConfigSwift */,
				943119B62AEA684E00822A33 /* FirebaseStorage */,
				943119B82AEA684E00822A33 /* FirebaseStorageCombine-Community */,
			);
			productName = ATGuide;
			productReference = 9408E8572AD134F7006FF31A /* ATGuide.app */;
			productType = "com.apple.product-type.application";
		};
/* End PBXNativeTarget section */

/* Begin PBXProject section */
		9408E84F2AD134F7006FF31A /* Project object */ = {
			isa = PBXProject;
			attributes = {
				BuildIndependentTargetsInParallel = 1;
				LastSwiftUpdateCheck = 1500;
				LastUpgradeCheck = 1500;
				TargetAttributes = {
					9408E8562AD134F7006FF31A = {
						CreatedOnToolsVersion = 15.0;
					};
				};
			};
			buildConfigurationList = 9408E8522AD134F7006FF31A /* Build configuration list for PBXProject "ATGuide" */;
			compatibilityVersion = "Xcode 14.0";
			developmentRegion = en;
			hasScannedForEncodings = 0;
			knownRegions = (
				en,
				Base,
			);
			mainGroup = 9408E84E2AD134F7006FF31A;
			packageReferences = (
				94E5FBC62AD84499007BC416 /* XCRemoteSwiftPackageReference "firebase-ios-sdk" */,
				94BBE8802AD868AF00C3FC07 /* XCRemoteSwiftPackageReference "GoogleSignIn-iOS" */,
			);
			productRefGroup = 9408E8582AD134F7006FF31A /* Products */;
			projectDirPath = "";
			projectRoot = "";
			targets = (
				9408E8562AD134F7006FF31A /* ATGuide */,
			);
		};
/* End PBXProject section */

/* Begin PBXResourcesBuildPhase section */
		9408E8552AD134F7006FF31A /* Resources */ = {
			isa = PBXResourcesBuildPhase;
			buildActionMask = 2147483647;
			files = (
				9408E8622AD134F9006FF31A /* Preview Assets.xcassets in Resources */,
				9444A2852B252A7300E12827 /* phone-scanning-qr-code-via-mobile-app-icon_212005-593-transformed.jpeg in Resources */,
				9408E85F2AD134F9006FF31A /* Assets.xcassets in Resources */,
				9497CF532B1CE7440056B59E /* 1024 1.png in Resources */,
				940671BB2ADC37F600C92032 /* 20231015_161832_0000.jpg in Resources */,
				943119BB2AEA698000822A33 /* GoogleService-Info.plist in Resources */,
			);
			runOnlyForDeploymentPostprocessing = 0;
		};
/* End PBXResourcesBuildPhase section */

/* Begin PBXSourcesBuildPhase section */
		9408E8532AD134F7006FF31A /* Sources */ = {
			isa = PBXSourcesBuildPhase;
			buildActionMask = 2147483647;
			files = (
				9464CEFF2B1EA7A20020299A /* DetailsScreen.swift in Sources */,
				940915AD2B23A30B00DCACA6 /* DataTry.swift in Sources */,
				9404A87D2AD6D2810039434D /* MainScreen.swift in Sources */,
				94ECE9102B23A4CC00EE11D9 /* screen.swift in Sources */,
				943119832AEA339800822A33 /* PlanningScreen.swift in Sources */,
				947788092B25CF0E00C6AEA1 /* FavoriteScreenDetails.swift in Sources */,
				9404A8832AD6D3F70039434D /* ThirdScreen.swift in Sources */,
				9404A8812AD6D3DF0039434D /* SecoundScreen.swift in Sources */,
				9408E85D2AD134F7006FF31A /* LoginScreen.swift in Sources */,
				94D5332C2AE44BEE0087D117 /* FourthScreen.swift in Sources */,
				9408E8692AD14295006FF31A /* SignUp.swift in Sources */,
				9408E85B2AD134F7006FF31A /* ATGuideApp.swift in Sources */,
				9444A2872B25C91A00E12827 /* FavoriteScreen.swift in Sources */,
				9404A87F2AD6D3C10039434D /* ScannScreen.swift in Sources */,
				AC18DB692ADC5311005BED40 /* SplashScreenView.swift in Sources */,
			);
			runOnlyForDeploymentPostprocessing = 0;
		};
/* End PBXSourcesBuildPhase section */

/* Begin XCBuildConfiguration section */
		9408E8632AD134F9006FF31A /* Debug */ = {
			isa = XCBuildConfiguration;
			buildSettings = {
				ALWAYS_SEARCH_USER_PATHS = NO;
				ASSETCATALOG_COMPILER_GENERATE_SWIFT_ASSET_SYMBOL_EXTENSIONS = YES;
				CLANG_ANALYZER_NONNULL = YES;
				CLANG_ANALYZER_NUMBER_OBJECT_CONVERSION = YES_AGGRESSIVE;
				CLANG_CXX_LANGUAGE_STANDARD = "gnu++20";
				CLANG_ENABLE_MODULES = YES;
				CLANG_ENABLE_OBJC_ARC = YES;
				CLANG_ENABLE_OBJC_WEAK = YES;
				CLANG_WARN_BLOCK_CAPTURE_AUTORELEASING = YES;
				CLANG_WARN_BOOL_CONVERSION = YES;
				CLANG_WARN_COMMA = YES;
				CLANG_WARN_CONSTANT_CONVERSION = YES;
				CLANG_WARN_DEPRECATED_OBJC_IMPLEMENTATIONS = YES;
				CLANG_WARN_DIRECT_OBJC_ISA_USAGE = YES_ERROR;
				CLANG_WARN_DOCUMENTATION_COMMENTS = YES;
				CLANG_WARN_EMPTY_BODY = YES;
				CLANG_WARN_ENUM_CONVERSION = YES;
				CLANG_WARN_INFINITE_RECURSION = YES;
				CLANG_WARN_INT_CONVERSION = YES;
				CLANG_WARN_NON_LITERAL_NULL_CONVERSION = YES;
				CLANG_WARN_OBJC_IMPLICIT_RETAIN_SELF = YES;
				CLANG_WARN_OBJC_LITERAL_CONVERSION = YES;
				CLANG_WARN_OBJC_ROOT_CLASS = YES_ERROR;
				CLANG_WARN_QUOTED_INCLUDE_IN_FRAMEWORK_HEADER = YES;
				CLANG_WARN_RANGE_LOOP_ANALYSIS = YES;
				CLANG_WARN_STRICT_PROTOTYPES = YES;
				CLANG_WARN_SUSPICIOUS_MOVE = YES;
				CLANG_WARN_UNGUARDED_AVAILABILITY = YES_AGGRESSIVE;
				CLANG_WARN_UNREACHABLE_CODE = YES;
				CLANG_WARN__DUPLICATE_METHOD_MATCH = YES;
				COPY_PHASE_STRIP = NO;
				DEBUG_INFORMATION_FORMAT = dwarf;
				ENABLE_STRICT_OBJC_MSGSEND = YES;
				ENABLE_TESTABILITY = YES;
				ENABLE_USER_SCRIPT_SANDBOXING = YES;
				GCC_C_LANGUAGE_STANDARD = gnu17;
				GCC_DYNAMIC_NO_PIC = NO;
				GCC_NO_COMMON_BLOCKS = YES;
				GCC_OPTIMIZATION_LEVEL = 0;
				GCC_PREPROCESSOR_DEFINITIONS = (
					"DEBUG=1",
					"$(inherited)",
				);
				GCC_WARN_64_TO_32_BIT_CONVERSION = YES;
				GCC_WARN_ABOUT_RETURN_TYPE = YES_ERROR;
				GCC_WARN_UNDECLARED_SELECTOR = YES;
				GCC_WARN_UNINITIALIZED_AUTOS = YES_AGGRESSIVE;
				GCC_WARN_UNUSED_FUNCTION = YES;
				GCC_WARN_UNUSED_VARIABLE = YES;
				IPHONEOS_DEPLOYMENT_TARGET = 17.0;
				LOCALIZATION_PREFERS_STRING_CATALOGS = YES;
				MTL_ENABLE_DEBUG_INFO = INCLUDE_SOURCE;
				MTL_FAST_MATH = YES;
				ONLY_ACTIVE_ARCH = YES;
				SDKROOT = iphoneos;
				SWIFT_ACTIVE_COMPILATION_CONDITIONS = "DEBUG $(inherited)";
				SWIFT_OPTIMIZATION_LEVEL = "-Onone";
			};
			name = Debug;
		};
		9408E8642AD134F9006FF31A /* Release */ = {
			isa = XCBuildConfiguration;
			buildSettings = {
				ALWAYS_SEARCH_USER_PATHS = NO;
				ASSETCATALOG_COMPILER_GENERATE_SWIFT_ASSET_SYMBOL_EXTENSIONS = YES;
				CLANG_ANALYZER_NONNULL = YES;
				CLANG_ANALYZER_NUMBER_OBJECT_CONVERSION = YES_AGGRESSIVE;
				CLANG_CXX_LANGUAGE_STANDARD = "gnu++20";
				CLANG_ENABLE_MODULES = YES;
				CLANG_ENABLE_OBJC_ARC = YES;
				CLANG_ENABLE_OBJC_WEAK = YES;
				CLANG_WARN_BLOCK_CAPTURE_AUTORELEASING = YES;
				CLANG_WARN_BOOL_CONVERSION = YES;
				CLANG_WARN_COMMA = YES;
				CLANG_WARN_CONSTANT_CONVERSION = YES;
				CLANG_WARN_DEPRECATED_OBJC_IMPLEMENTATIONS = YES;
				CLANG_WARN_DIRECT_OBJC_ISA_USAGE = YES_ERROR;
				CLANG_WARN_DOCUMENTATION_COMMENTS = YES;
				CLANG_WARN_EMPTY_BODY = YES;
				CLANG_WARN_ENUM_CONVERSION = YES;
				CLANG_WARN_INFINITE_RECURSION = YES;
				CLANG_WARN_INT_CONVERSION = YES;
				CLANG_WARN_NON_LITERAL_NULL_CONVERSION = YES;
				CLANG_WARN_OBJC_IMPLICIT_RETAIN_SELF = YES;
				CLANG_WARN_OBJC_LITERAL_CONVERSION = YES;
				CLANG_WARN_OBJC_ROOT_CLASS = YES_ERROR;
				CLANG_WARN_QUOTED_INCLUDE_IN_FRAMEWORK_HEADER = YES;
				CLANG_WARN_RANGE_LOOP_ANALYSIS = YES;
				CLANG_WARN_STRICT_PROTOTYPES = YES;
				CLANG_WARN_SUSPICIOUS_MOVE = YES;
				CLANG_WARN_UNGUARDED_AVAILABILITY = YES_AGGRESSIVE;
				CLANG_WARN_UNREACHABLE_CODE = YES;
				CLANG_WARN__DUPLICATE_METHOD_MATCH = YES;
				COPY_PHASE_STRIP = NO;
				DEBUG_INFORMATION_FORMAT = "dwarf-with-dsym";
				ENABLE_NS_ASSERTIONS = NO;
				ENABLE_STRICT_OBJC_MSGSEND = YES;
				ENABLE_USER_SCRIPT_SANDBOXING = YES;
				GCC_C_LANGUAGE_STANDARD = gnu17;
				GCC_NO_COMMON_BLOCKS = YES;
				GCC_WARN_64_TO_32_BIT_CONVERSION = YES;
				GCC_WARN_ABOUT_RETURN_TYPE = YES_ERROR;
				GCC_WARN_UNDECLARED_SELECTOR = YES;
				GCC_WARN_UNINITIALIZED_AUTOS = YES_AGGRESSIVE;
				GCC_WARN_UNUSED_FUNCTION = YES;
				GCC_WARN_UNUSED_VARIABLE = YES;
				IPHONEOS_DEPLOYMENT_TARGET = 17.0;
				LOCALIZATION_PREFERS_STRING_CATALOGS = YES;
				MTL_ENABLE_DEBUG_INFO = NO;
				MTL_FAST_MATH = YES;
				SDKROOT = iphoneos;
				SWIFT_COMPILATION_MODE = wholemodule;
				VALIDATE_PRODUCT = YES;
			};
			name = Release;
		};
		9408E8662AD134F9006FF31A /* Debug */ = {
			isa = XCBuildConfiguration;
			buildSettings = {
				ASSETCATALOG_COMPILER_APPICON_NAME = AppIcon;
				ASSETCATALOG_COMPILER_GLOBAL_ACCENT_COLOR_NAME = AccentColor;
				CODE_SIGN_STYLE = Automatic;
				CURRENT_PROJECT_VERSION = 1;
				DEVELOPMENT_ASSET_PATHS = "\"ATGuide/Preview Content\"";
				DEVELOPMENT_TEAM = XF7YUZJQU9;
				ENABLE_PREVIEWS = YES;
				GENERATE_INFOPLIST_FILE = YES;
				INFOPLIST_FILE = ATGuide/Info.plist;
				INFOPLIST_KEY_NSCameraUsageDescription = "ATGuide camera use";
				INFOPLIST_KEY_UIApplicationSceneManifest_Generation = YES;
				INFOPLIST_KEY_UIApplicationSupportsIndirectInputEvents = YES;
				INFOPLIST_KEY_UILaunchScreen_Generation = YES;
				INFOPLIST_KEY_UILaunchStoryboardName = "Launch Screen.storyboard";
				INFOPLIST_KEY_UISupportedInterfaceOrientations_iPad = "UIInterfaceOrientationPortrait UIInterfaceOrientationPortraitUpsideDown UIInterfaceOrientationLandscapeLeft UIInterfaceOrientationLandscapeRight";
				INFOPLIST_KEY_UISupportedInterfaceOrientations_iPhone = "UIInterfaceOrientationPortrait UIInterfaceOrientationLandscapeLeft UIInterfaceOrientationLandscapeRight";
				LD_RUNPATH_SEARCH_PATHS = (
					"$(inherited)",
					"@executable_path/Frameworks",
				);
				MARKETING_VERSION = 1.0;
				PRODUCT_BUNDLE_IDENTIFIER = com.michael.ATGuide;
				PRODUCT_NAME = "$(TARGET_NAME)";
				SWIFT_EMIT_LOC_STRINGS = YES;
				SWIFT_VERSION = 5.0;
				TARGETED_DEVICE_FAMILY = "1,2";
			};
			name = Debug;
		};
		9408E8672AD134F9006FF31A /* Release */ = {
			isa = XCBuildConfiguration;
			buildSettings = {
				ASSETCATALOG_COMPILER_APPICON_NAME = AppIcon;
				ASSETCATALOG_COMPILER_GLOBAL_ACCENT_COLOR_NAME = AccentColor;
				CODE_SIGN_STYLE = Automatic;
				CURRENT_PROJECT_VERSION = 1;
				DEVELOPMENT_ASSET_PATHS = "\"ATGuide/Preview Content\"";
				DEVELOPMENT_TEAM = XF7YUZJQU9;
				ENABLE_PREVIEWS = YES;
				GENERATE_INFOPLIST_FILE = YES;
				INFOPLIST_FILE = ATGuide/Info.plist;
				INFOPLIST_KEY_NSCameraUsageDescription = "ATGuide camera use";
				INFOPLIST_KEY_UIApplicationSceneManifest_Generation = YES;
				INFOPLIST_KEY_UIApplicationSupportsIndirectInputEvents = YES;
				INFOPLIST_KEY_UILaunchScreen_Generation = YES;
				INFOPLIST_KEY_UILaunchStoryboardName = "Launch Screen.storyboard";
				INFOPLIST_KEY_UISupportedInterfaceOrientations_iPad = "UIInterfaceOrientationPortrait UIInterfaceOrientationPortraitUpsideDown UIInterfaceOrientationLandscapeLeft UIInterfaceOrientationLandscapeRight";
				INFOPLIST_KEY_UISupportedInterfaceOrientations_iPhone = "UIInterfaceOrientationPortrait UIInterfaceOrientationLandscapeLeft UIInterfaceOrientationLandscapeRight";
				LD_RUNPATH_SEARCH_PATHS = (
					"$(inherited)",
					"@executable_path/Frameworks",
				);
				MARKETING_VERSION = 1.0;
				PRODUCT_BUNDLE_IDENTIFIER = com.michael.ATGuide;
				PRODUCT_NAME = "$(TARGET_NAME)";
				SWIFT_EMIT_LOC_STRINGS = YES;
				SWIFT_VERSION = 5.0;
				TARGETED_DEVICE_FAMILY = "1,2";
			};
			name = Release;
		};
/* End XCBuildConfiguration section */

/* Begin XCConfigurationList section */
		9408E8522AD134F7006FF31A /* Build configuration list for PBXProject "ATGuide" */ = {
			isa = XCConfigurationList;
			buildConfigurations = (
				9408E8632AD134F9006FF31A /* Debug */,
				9408E8642AD134F9006FF31A /* Release */,
			);
			defaultConfigurationIsVisible = 0;
			defaultConfigurationName = Release;
		};
		9408E8652AD134F9006FF31A /* Build configuration list for PBXNativeTarget "ATGuide" */ = {
			isa = XCConfigurationList;
			buildConfigurations = (
				9408E8662AD134F9006FF31A /* Debug */,
				9408E8672AD134F9006FF31A /* Release */,
			);
			defaultConfigurationIsVisible = 0;
			defaultConfigurationName = Release;
		};
/* End XCConfigurationList section */

/* Begin XCRemoteSwiftPackageReference section */
		94BBE8802AD868AF00C3FC07 /* XCRemoteSwiftPackageReference "GoogleSignIn-iOS" */ = {
			isa = XCRemoteSwiftPackageReference;
			repositoryURL = "https://github.com/google/GoogleSignIn-iOS";
			requirement = {
				kind = upToNextMajorVersion;
				minimumVersion = 7.0.0;
			};
		};
		94E5FBC62AD84499007BC416 /* XCRemoteSwiftPackageReference "firebase-ios-sdk" */ = {
			isa = XCRemoteSwiftPackageReference;
			repositoryURL = "https://github.com/firebase/firebase-ios-sdk";
			requirement = {
				kind = upToNextMajorVersion;
				minimumVersion = 10.16.0;
			};
		};
/* End XCRemoteSwiftPackageReference section */

/* Begin XCSwiftPackageProductDependency section */
		943119842AEA684E00822A33 /* FirebaseAnalytics */ = {
			isa = XCSwiftPackageProductDependency;
			productName = FirebaseAnalytics;
		};
		943119862AEA684E00822A33 /* FirebaseAnalyticsOnDeviceConversion */ = {
			isa = XCSwiftPackageProductDependency;
			productName = FirebaseAnalyticsOnDeviceConversion;
		};
		943119882AEA684E00822A33 /* FirebaseAnalyticsSwift */ = {
			isa = XCSwiftPackageProductDependency;
			productName = FirebaseAnalyticsSwift;
		};
		9431198A2AEA684E00822A33 /* FirebaseAnalyticsWithoutAdIdSupport */ = {
			isa = XCSwiftPackageProductDependency;
			productName = FirebaseAnalyticsWithoutAdIdSupport;
		};
		9431198C2AEA684E00822A33 /* FirebaseAppCheck */ = {
			isa = XCSwiftPackageProductDependency;
			productName = FirebaseAppCheck;
		};
		9431198E2AEA684E00822A33 /* FirebaseAppDistribution-Beta */ = {
			isa = XCSwiftPackageProductDependency;
			productName = "FirebaseAppDistribution-Beta";
		};
		943119902AEA684E00822A33 /* FirebaseAuth */ = {
			isa = XCSwiftPackageProductDependency;
			productName = FirebaseAuth;
		};
		943119922AEA684E00822A33 /* FirebaseAuthCombine-Community */ = {
			isa = XCSwiftPackageProductDependency;
			productName = "FirebaseAuthCombine-Community";
		};
		943119942AEA684E00822A33 /* FirebaseCrashlytics */ = {
			isa = XCSwiftPackageProductDependency;
			productName = FirebaseCrashlytics;
		};
		943119962AEA684E00822A33 /* FirebaseDatabase */ = {
			isa = XCSwiftPackageProductDependency;
			productName = FirebaseDatabase;
		};
		943119982AEA684E00822A33 /* FirebaseDatabaseSwift */ = {
			isa = XCSwiftPackageProductDependency;
			productName = FirebaseDatabaseSwift;
		};
		9431199A2AEA684E00822A33 /* FirebaseDynamicLinks */ = {
			isa = XCSwiftPackageProductDependency;
			productName = FirebaseDynamicLinks;
		};
		9431199C2AEA684E00822A33 /* FirebaseFirestore */ = {
			isa = XCSwiftPackageProductDependency;
			productName = FirebaseFirestore;
		};
		9431199E2AEA684E00822A33 /* FirebaseFirestoreCombine-Community */ = {
			isa = XCSwiftPackageProductDependency;
			productName = "FirebaseFirestoreCombine-Community";
		};
		943119A02AEA684E00822A33 /* FirebaseFirestoreSwift */ = {
			isa = XCSwiftPackageProductDependency;
			productName = FirebaseFirestoreSwift;
		};
		943119A22AEA684E00822A33 /* FirebaseFunctions */ = {
			isa = XCSwiftPackageProductDependency;
			productName = FirebaseFunctions;
		};
		943119A42AEA684E00822A33 /* FirebaseFunctionsCombine-Community */ = {
			isa = XCSwiftPackageProductDependency;
			productName = "FirebaseFunctionsCombine-Community";
		};
		943119A62AEA684E00822A33 /* FirebaseInAppMessaging-Beta */ = {
			isa = XCSwiftPackageProductDependency;
			productName = "FirebaseInAppMessaging-Beta";
		};
		943119A82AEA684E00822A33 /* FirebaseInAppMessagingSwift-Beta */ = {
			isa = XCSwiftPackageProductDependency;
			productName = "FirebaseInAppMessagingSwift-Beta";
		};
		943119AA2AEA684E00822A33 /* FirebaseInstallations */ = {
			isa = XCSwiftPackageProductDependency;
			productName = FirebaseInstallations;
		};
		943119AC2AEA684E00822A33 /* FirebaseMLModelDownloader */ = {
			isa = XCSwiftPackageProductDependency;
			productName = FirebaseMLModelDownloader;
		};
		943119AE2AEA684E00822A33 /* FirebaseMessaging */ = {
			isa = XCSwiftPackageProductDependency;
			productName = FirebaseMessaging;
		};
		943119B02AEA684E00822A33 /* FirebasePerformance */ = {
			isa = XCSwiftPackageProductDependency;
			productName = FirebasePerformance;
		};
		943119B22AEA684E00822A33 /* FirebaseRemoteConfig */ = {
			isa = XCSwiftPackageProductDependency;
			productName = FirebaseRemoteConfig;
		};
		943119B42AEA684E00822A33 /* FirebaseRemoteConfigSwift */ = {
			isa = XCSwiftPackageProductDependency;
			productName = FirebaseRemoteConfigSwift;
		};
		943119B62AEA684E00822A33 /* FirebaseStorage */ = {
			isa = XCSwiftPackageProductDependency;
			productName = FirebaseStorage;
		};
		943119B82AEA684E00822A33 /* FirebaseStorageCombine-Community */ = {
			isa = XCSwiftPackageProductDependency;
			productName = "FirebaseStorageCombine-Community";
		};
		94BBE8402AD8681800C3FC07 /* FirebaseAnalytics */ = {
			isa = XCSwiftPackageProductDependency;
			package = 94E5FBC62AD84499007BC416 /* XCRemoteSwiftPackageReference "firebase-ios-sdk" */;
			productName = FirebaseAnalytics;
		};
		94BBE8422AD8681800C3FC07 /* FirebaseAnalyticsOnDeviceConversion */ = {
			isa = XCSwiftPackageProductDependency;
			package = 94E5FBC62AD84499007BC416 /* XCRemoteSwiftPackageReference "firebase-ios-sdk" */;
			productName = FirebaseAnalyticsOnDeviceConversion;
		};
		94BBE8442AD8681800C3FC07 /* FirebaseAnalyticsSwift */ = {
			isa = XCSwiftPackageProductDependency;
			package = 94E5FBC62AD84499007BC416 /* XCRemoteSwiftPackageReference "firebase-ios-sdk" */;
			productName = FirebaseAnalyticsSwift;
		};
		94BBE8462AD8681800C3FC07 /* FirebaseAnalyticsWithoutAdIdSupport */ = {
			isa = XCSwiftPackageProductDependency;
			package = 94E5FBC62AD84499007BC416 /* XCRemoteSwiftPackageReference "firebase-ios-sdk" */;
			productName = FirebaseAnalyticsWithoutAdIdSupport;
		};
		94BBE8482AD8681800C3FC07 /* FirebaseAppCheck */ = {
			isa = XCSwiftPackageProductDependency;
			package = 94E5FBC62AD84499007BC416 /* XCRemoteSwiftPackageReference "firebase-ios-sdk" */;
			productName = FirebaseAppCheck;
		};
		94BBE84A2AD8686200C3FC07 /* FirebaseAnalytics */ = {
			isa = XCSwiftPackageProductDependency;
			package = 94E5FBC62AD84499007BC416 /* XCRemoteSwiftPackageReference "firebase-ios-sdk" */;
			productName = FirebaseAnalytics;
		};
		94BBE84C2AD8686200C3FC07 /* FirebaseAnalyticsOnDeviceConversion */ = {
			isa = XCSwiftPackageProductDependency;
			package = 94E5FBC62AD84499007BC416 /* XCRemoteSwiftPackageReference "firebase-ios-sdk" */;
			productName = FirebaseAnalyticsOnDeviceConversion;
		};
		94BBE84E2AD8686200C3FC07 /* FirebaseAnalyticsSwift */ = {
			isa = XCSwiftPackageProductDependency;
			package = 94E5FBC62AD84499007BC416 /* XCRemoteSwiftPackageReference "firebase-ios-sdk" */;
			productName = FirebaseAnalyticsSwift;
		};
		94BBE8502AD8686200C3FC07 /* FirebaseAnalyticsWithoutAdIdSupport */ = {
			isa = XCSwiftPackageProductDependency;
			package = 94E5FBC62AD84499007BC416 /* XCRemoteSwiftPackageReference "firebase-ios-sdk" */;
			productName = FirebaseAnalyticsWithoutAdIdSupport;
		};
		94BBE8522AD8686200C3FC07 /* FirebaseAppCheck */ = {
			isa = XCSwiftPackageProductDependency;
			package = 94E5FBC62AD84499007BC416 /* XCRemoteSwiftPackageReference "firebase-ios-sdk" */;
			productName = FirebaseAppCheck;
		};
		94BBE8542AD8686200C3FC07 /* FirebaseAppDistribution-Beta */ = {
			isa = XCSwiftPackageProductDependency;
			package = 94E5FBC62AD84499007BC416 /* XCRemoteSwiftPackageReference "firebase-ios-sdk" */;
			productName = "FirebaseAppDistribution-Beta";
		};
		94BBE8562AD8686200C3FC07 /* FirebaseAuth */ = {
			isa = XCSwiftPackageProductDependency;
			package = 94E5FBC62AD84499007BC416 /* XCRemoteSwiftPackageReference "firebase-ios-sdk" */;
			productName = FirebaseAuth;
		};
		94BBE8582AD8686200C3FC07 /* FirebaseAuthCombine-Community */ = {
			isa = XCSwiftPackageProductDependency;
			package = 94E5FBC62AD84499007BC416 /* XCRemoteSwiftPackageReference "firebase-ios-sdk" */;
			productName = "FirebaseAuthCombine-Community";
		};
		94BBE85A2AD8686200C3FC07 /* FirebaseCrashlytics */ = {
			isa = XCSwiftPackageProductDependency;
			package = 94E5FBC62AD84499007BC416 /* XCRemoteSwiftPackageReference "firebase-ios-sdk" */;
			productName = FirebaseCrashlytics;
		};
		94BBE85C2AD8686200C3FC07 /* FirebaseDatabase */ = {
			isa = XCSwiftPackageProductDependency;
			package = 94E5FBC62AD84499007BC416 /* XCRemoteSwiftPackageReference "firebase-ios-sdk" */;
			productName = FirebaseDatabase;
		};
		94BBE85E2AD8686200C3FC07 /* FirebaseDatabaseSwift */ = {
			isa = XCSwiftPackageProductDependency;
			package = 94E5FBC62AD84499007BC416 /* XCRemoteSwiftPackageReference "firebase-ios-sdk" */;
			productName = FirebaseDatabaseSwift;
		};
		94BBE8602AD8686200C3FC07 /* FirebaseDynamicLinks */ = {
			isa = XCSwiftPackageProductDependency;
			package = 94E5FBC62AD84499007BC416 /* XCRemoteSwiftPackageReference "firebase-ios-sdk" */;
			productName = FirebaseDynamicLinks;
		};
		94BBE8622AD8686200C3FC07 /* FirebaseFirestore */ = {
			isa = XCSwiftPackageProductDependency;
			package = 94E5FBC62AD84499007BC416 /* XCRemoteSwiftPackageReference "firebase-ios-sdk" */;
			productName = FirebaseFirestore;
		};
		94BBE8642AD8686200C3FC07 /* FirebaseFirestoreCombine-Community */ = {
			isa = XCSwiftPackageProductDependency;
			package = 94E5FBC62AD84499007BC416 /* XCRemoteSwiftPackageReference "firebase-ios-sdk" */;
			productName = "FirebaseFirestoreCombine-Community";
		};
		94BBE8662AD8686200C3FC07 /* FirebaseFirestoreSwift */ = {
			isa = XCSwiftPackageProductDependency;
			package = 94E5FBC62AD84499007BC416 /* XCRemoteSwiftPackageReference "firebase-ios-sdk" */;
			productName = FirebaseFirestoreSwift;
		};
		94BBE8682AD8686200C3FC07 /* FirebaseFunctions */ = {
			isa = XCSwiftPackageProductDependency;
			package = 94E5FBC62AD84499007BC416 /* XCRemoteSwiftPackageReference "firebase-ios-sdk" */;
			productName = FirebaseFunctions;
		};
		94BBE86A2AD8686200C3FC07 /* FirebaseFunctionsCombine-Community */ = {
			isa = XCSwiftPackageProductDependency;
			package = 94E5FBC62AD84499007BC416 /* XCRemoteSwiftPackageReference "firebase-ios-sdk" */;
			productName = "FirebaseFunctionsCombine-Community";
		};
		94BBE86C2AD8686200C3FC07 /* FirebaseInAppMessaging-Beta */ = {
			isa = XCSwiftPackageProductDependency;
			package = 94E5FBC62AD84499007BC416 /* XCRemoteSwiftPackageReference "firebase-ios-sdk" */;
			productName = "FirebaseInAppMessaging-Beta";
		};
		94BBE86E2AD8686200C3FC07 /* FirebaseInAppMessagingSwift-Beta */ = {
			isa = XCSwiftPackageProductDependency;
			package = 94E5FBC62AD84499007BC416 /* XCRemoteSwiftPackageReference "firebase-ios-sdk" */;
			productName = "FirebaseInAppMessagingSwift-Beta";
		};
		94BBE8702AD8686200C3FC07 /* FirebaseInstallations */ = {
			isa = XCSwiftPackageProductDependency;
			package = 94E5FBC62AD84499007BC416 /* XCRemoteSwiftPackageReference "firebase-ios-sdk" */;
			productName = FirebaseInstallations;
		};
		94BBE8722AD8686200C3FC07 /* FirebaseMLModelDownloader */ = {
			isa = XCSwiftPackageProductDependency;
			package = 94E5FBC62AD84499007BC416 /* XCRemoteSwiftPackageReference "firebase-ios-sdk" */;
			productName = FirebaseMLModelDownloader;
		};
		94BBE8742AD8686200C3FC07 /* FirebaseMessaging */ = {
			isa = XCSwiftPackageProductDependency;
			package = 94E5FBC62AD84499007BC416 /* XCRemoteSwiftPackageReference "firebase-ios-sdk" */;
			productName = FirebaseMessaging;
		};
		94BBE8762AD8686200C3FC07 /* FirebasePerformance */ = {
			isa = XCSwiftPackageProductDependency;
			package = 94E5FBC62AD84499007BC416 /* XCRemoteSwiftPackageReference "firebase-ios-sdk" */;
			productName = FirebasePerformance;
		};
		94BBE8782AD8686200C3FC07 /* FirebaseRemoteConfig */ = {
			isa = XCSwiftPackageProductDependency;
			package = 94E5FBC62AD84499007BC416 /* XCRemoteSwiftPackageReference "firebase-ios-sdk" */;
			productName = FirebaseRemoteConfig;
		};
		94BBE87A2AD8686200C3FC07 /* FirebaseRemoteConfigSwift */ = {
			isa = XCSwiftPackageProductDependency;
			package = 94E5FBC62AD84499007BC416 /* XCRemoteSwiftPackageReference "firebase-ios-sdk" */;
			productName = FirebaseRemoteConfigSwift;
		};
		94BBE87C2AD8686200C3FC07 /* FirebaseStorage */ = {
			isa = XCSwiftPackageProductDependency;
			package = 94E5FBC62AD84499007BC416 /* XCRemoteSwiftPackageReference "firebase-ios-sdk" */;
			productName = FirebaseStorage;
		};
		94BBE87E2AD8686200C3FC07 /* FirebaseStorageCombine-Community */ = {
			isa = XCSwiftPackageProductDependency;
			package = 94E5FBC62AD84499007BC416 /* XCRemoteSwiftPackageReference "firebase-ios-sdk" */;
			productName = "FirebaseStorageCombine-Community";
		};
		94BBE8812AD868AF00C3FC07 /* GoogleSignIn */ = {
			isa = XCSwiftPackageProductDependency;
			package = 94BBE8802AD868AF00C3FC07 /* XCRemoteSwiftPackageReference "GoogleSignIn-iOS" */;
			productName = GoogleSignIn;
		};
		94BBE8832AD868AF00C3FC07 /* GoogleSignInSwift */ = {
			isa = XCSwiftPackageProductDependency;
			package = 94BBE8802AD868AF00C3FC07 /* XCRemoteSwiftPackageReference "GoogleSignIn-iOS" */;
			productName = GoogleSignInSwift;
		};
		94E5FBC72AD84499007BC416 /* FirebaseAnalytics */ = {
			isa = XCSwiftPackageProductDependency;
			package = 94E5FBC62AD84499007BC416 /* XCRemoteSwiftPackageReference "firebase-ios-sdk" */;
			productName = FirebaseAnalytics;
		};
		94E5FBC92AD84499007BC416 /* FirebaseAnalyticsOnDeviceConversion */ = {
			isa = XCSwiftPackageProductDependency;
			package = 94E5FBC62AD84499007BC416 /* XCRemoteSwiftPackageReference "firebase-ios-sdk" */;
			productName = FirebaseAnalyticsOnDeviceConversion;
		};
		94E5FBCB2AD84499007BC416 /* FirebaseAnalyticsSwift */ = {
			isa = XCSwiftPackageProductDependency;
			package = 94E5FBC62AD84499007BC416 /* XCRemoteSwiftPackageReference "firebase-ios-sdk" */;
			productName = FirebaseAnalyticsSwift;
		};
		94E5FBCD2AD84499007BC416 /* FirebaseAnalyticsWithoutAdIdSupport */ = {
			isa = XCSwiftPackageProductDependency;
			package = 94E5FBC62AD84499007BC416 /* XCRemoteSwiftPackageReference "firebase-ios-sdk" */;
			productName = FirebaseAnalyticsWithoutAdIdSupport;
		};
		94E5FBCF2AD84499007BC416 /* FirebaseAppCheck */ = {
			isa = XCSwiftPackageProductDependency;
			package = 94E5FBC62AD84499007BC416 /* XCRemoteSwiftPackageReference "firebase-ios-sdk" */;
			productName = FirebaseAppCheck;
		};
/* End XCSwiftPackageProductDependency section */
	};
	rootObject = 9408E84F2AD134F7006FF31A /* Project object */;
}
